
Microsoft Visual Studio Solution File, Format Version 12.00
# Visual Studio 2012
Project("{FAE04EC0-301F-11D3-BF4B-00C04F79EFBC}") = "sandness-mvc4", "sandness-mvc4\sandness-mvc4.csproj", "{89967C17-25F5-493C-BD36-7A28EA56AA81}"
EndProject
Project("{FAE04EC0-301F-11D3-BF4B-00C04F79EFBC}") = "sandness-mvc4.Tests", "sandness-mvc4.Tests\sandness-mvc4.Tests.csproj", "{2AECBB15-8539-4DF2-A06F-3CCF0F7978A6}"
EndProject
Project("{2150E333-8FDC-42A3-9474-1A3956D46DE8}") = ".nuget", ".nuget", "{F9C9A9F2-C356-40D1-8DC7-9A72F68C2F4D}"
EndProject
Global
	GlobalSection(SolutionConfigurationPlatforms) = preSolution
		Debug|Any CPU = Debug|Any CPU
		Release|Any CPU = Release|Any CPU
	EndGlobalSection
	GlobalSection(ProjectConfigurationPlatforms) = postSolution
		{89967C17-25F5-493C-BD36-7A28EA56AA81}.Debug|Any CPU.ActiveCfg = Debug|Any CPU
		{89967C17-25F5-493C-BD36-7A28EA56AA81}.Debug|Any CPU.Build.0 = Debug|Any CPU
		{89967C17-25F5-493C-BD36-7A28EA56AA81}.Release|Any CPU.ActiveCfg = Release|Any CPU
		{89967C17-25F5-493C-BD36-7A28EA56AA81}.Release|Any CPU.Build.0 = Release|Any CPU
		{2AECBB15-8539-4DF2-A06F-3CCF0F7978A6}.Debug|Any CPU.ActiveCfg = Debug|Any CPU
		{2AECBB15-8539-4DF2-A06F-3CCF0F7978A6}.Debug|Any CPU.Build.0 = Debug|Any CPU
		{2AECBB15-8539-4DF2-A06F-3CCF0F7978A6}.Release|Any CPU.ActiveCfg = Release|Any CPU
		{2AECBB15-8539-4DF2-A06F-3CCF0F7978A6}.Release|Any CPU.Build.0 = Release|Any CPU
	EndGlobalSection
	GlobalSection(SolutionProperties) = preSolution
		HideSolutionNode = FALSE
	EndGlobalSection
EndGlobal
